
Microsoft Visual Studio Solution File, Format Version 12.00
# Visual Studio Version 16
VisualStudioVersion = 16.0.29009.5
MinimumVisualStudioVersion = 10.0.40219.1
Project("{9A19103F-16F7-4668-BE54-9A1E7A4F7556}") = "RabbitMqManager", "RabbitMqManager\RabbitMqManager.csproj", "{0CCAFD1A-39C0-418C-907E-793F89B0DDC1}"
EndProject
Project("{FAE04EC0-301F-11D3-BF4B-00C04F79EFBC}") = "ExampleConsoleApp", "ExampleConsoleApp\ExampleConsoleApp.csproj", "{16B6F859-94B4-4352-A05A-75B852E24D9A}"
EndProject
Global
	GlobalSection(SolutionConfigurationPlatforms) = preSolution
		Debug|Any CPU = Debug|Any CPU
		Release|Any CPU = Release|Any CPU
	EndGlobalSection
	GlobalSection(ProjectConfigurationPlatforms) = postSolution
		{0CCAFD1A-39C0-418C-907E-793F89B0DDC1}.Debug|Any CPU.ActiveCfg = Debug|Any CPU
		{0CCAFD1A-39C0-418C-907E-793F89B0DDC1}.Debug|Any CPU.Build.0 = Debug|Any CPU
		{0CCAFD1A-39C0-418C-907E-793F89B0DDC1}.Release|Any CPU.ActiveCfg = Release|Any CPU
		{0CCAFD1A-39C0-418C-907E-793F89B0DDC1}.Release|Any CPU.Build.0 = Release|Any CPU
		{16B6F859-94B4-4352-A05A-75B852E24D9A}.Debug|Any CPU.ActiveCfg = Debug|Any CPU
		{16B6F859-94B4-4352-A05A-75B852E24D9A}.Debug|Any CPU.Build.0 = Debug|Any CPU
		{16B6F859-94B4-4352-A05A-75B852E24D9A}.Release|Any CPU.ActiveCfg = Release|Any CPU
		{16B6F859-94B4-4352-A05A-75B852E24D9A}.Release|Any CPU.Build.0 = Release|Any CPU
	EndGlobalSection
	GlobalSection(SolutionProperties) = preSolution
		HideSolutionNode = FALSE
	EndGlobalSection
	GlobalSection(ExtensibilityGlobals) = postSolution
		SolutionGuid = {25BEE289-9B5E-459E-8E10-AD76CF62E92B}
	EndGlobalSection
EndGlobal
